
Microsoft Visual Studio Solution File, Format Version 12.00
# Visual Studio Version 17
VisualStudioVersion = 17.6.33829.357
MinimumVisualStudioVersion = 10.0.40219.1
Project("{FAE04EC0-301F-11D3-BF4B-00C04F79EFBC}") = "AspMvcEF", "AspMvcEF.csproj", "{17754B83-B3FA-46D7-9471-918D03A0448A}"
EndProject
Global
	GlobalSection(SolutionConfigurationPlatforms) = preSolution
		Debug|Any CPU = Debug|Any CPU
		Release|Any CPU = Release|Any CPU
	EndGlobalSection
	GlobalSection(ProjectConfigurationPlatforms) = postSolution
		{17754B83-B3FA-46D7-9471-918D03A0448A}.Debug|Any CPU.ActiveCfg = Debug|Any CPU
		{17754B83-B3FA-46D7-9471-918D03A0448A}.Debug|Any CPU.Build.0 = Debug|Any CPU
		{17754B83-B3FA-46D7-9471-918D03A0448A}.Release|Any CPU.ActiveCfg = Release|Any CPU
		{17754B83-B3FA-46D7-9471-918D03A0448A}.Release|Any CPU.Build.0 = Release|Any CPU
	EndGlobalSection
	GlobalSection(SolutionProperties) = preSolution
		HideSolutionNode = FALSE
	EndGlobalSection
	GlobalSection(ExtensibilityGlobals) = postSolution
		SolutionGuid = {B7770611-CC19-4F4B-9DC4-00417E4026C2}
	EndGlobalSection
EndGlobal
